
Microsoft Visual Studio Solution File, Format Version 12.00
# Visual Studio Version 17
VisualStudioVersion = 17.7.34221.43
MinimumVisualStudioVersion = 10.0.40219.1
Project("{8BC9CEB8-8B4A-11D0-8D11-00A0C91BC942}") = "InventoryItem", "InventoryItem\InventoryItem.vcxproj", "{2C5B8EDE-292B-4928-9B83-00530BE8E7BE}"
EndProject
Global
	GlobalSection(SolutionConfigurationPlatforms) = preSolution
		Debug|x64 = Debug|x64
		Debug|x86 = Debug|x86
		Release|x64 = Release|x64
		Release|x86 = Release|x86
	EndGlobalSection
	GlobalSection(ProjectConfigurationPlatforms) = postSolution
		{2C5B8EDE-292B-4928-9B83-00530BE8E7BE}.Debug|x64.ActiveCfg = Debug|x64
		{2C5B8EDE-292B-4928-9B83-00530BE8E7BE}.Debug|x64.Build.0 = Debug|x64
		{2C5B8EDE-292B-4928-9B83-00530BE8E7BE}.Debug|x86.ActiveCfg = Debug|Win32
		{2C5B8EDE-292B-4928-9B83-00530BE8E7BE}.Debug|x86.Build.0 = Debug|Win32
		{2C5B8EDE-292B-4928-9B83-00530BE8E7BE}.Release|x64.ActiveCfg = Release|x64
		{2C5B8EDE-292B-4928-9B83-00530BE8E7BE}.Release|x64.Build.0 = Release|x64
		{2C5B8EDE-292B-4928-9B83-00530BE8E7BE}.Release|x86.ActiveCfg = Release|Win32
		{2C5B8EDE-292B-4928-9B83-00530BE8E7BE}.Release|x86.Build.0 = Release|Win32
	EndGlobalSection
	GlobalSection(SolutionProperties) = preSolution
		HideSolutionNode = FALSE
	EndGlobalSection
	GlobalSection(ExtensibilityGlobals) = postSolution
		SolutionGuid = {8EAFE4CA-36C2-40E4-BFA2-06ECA21EBCAF}
	EndGlobalSection
EndGlobal
